
Microsoft Visual Studio Solution File, Format Version 12.00
# Visual Studio Version 16
VisualStudioVersion = 16.0.31025.194
MinimumVisualStudioVersion = 10.0.40219.1
Project("{FAE04EC0-301F-11D3-BF4B-00C04F79EFBC}") = "PolyTool", "PolyTool.csproj", "{1B8AF57C-1449-4C64-AA7B-A21C6659E60D}"
EndProject
Global
	GlobalSection(SolutionConfigurationPlatforms) = preSolution
		Debug|Any CPU = Debug|Any CPU
		Release|Any CPU = Release|Any CPU
	EndGlobalSection
	GlobalSection(ProjectConfigurationPlatforms) = postSolution
		{1B8AF57C-1449-4C64-AA7B-A21C6659E60D}.Debug|Any CPU.ActiveCfg = Debug|Any CPU
		{1B8AF57C-1449-4C64-AA7B-A21C6659E60D}.Debug|Any CPU.Build.0 = Debug|Any CPU
		{1B8AF57C-1449-4C64-AA7B-A21C6659E60D}.Release|Any CPU.ActiveCfg = Release|Any CPU
		{1B8AF57C-1449-4C64-AA7B-A21C6659E60D}.Release|Any CPU.Build.0 = Release|Any CPU
	EndGlobalSection
	GlobalSection(SolutionProperties) = preSolution
		HideSolutionNode = FALSE
	EndGlobalSection
	GlobalSection(ExtensibilityGlobals) = postSolution
		SolutionGuid = {FCC87683-D009-4CD8-B2AC-1F265A0DDA6B}
	EndGlobalSection
EndGlobal
